// !$*UTF8*$!
{
	archiveVersion = 1;
	classes = {
	};
	objectVersion = 51;
	objects = {

/* Begin PBXBuildFile section */
		C5F97AE725ABD27C00880847 /* AppDelegate.m in Sources */ = {isa = PBXBuildFile; fileRef = C5F97AE625ABD27C00880847 /* AppDelegate.m */; };
		C5F97AEA25ABD27C00880847 /* SceneDelegate.m in Sources */ = {isa = PBXBuildFile; fileRef = C5F97AE925ABD27C00880847 /* SceneDelegate.m */; };
		C5F97AED25ABD27C00880847 /* ViewController.m in Sources */ = {isa = PBXBuildFile; fileRef = C5F97AEC25ABD27C00880847 /* ViewController.m */; };
		C5F97AF025ABD27C00880847 /* Main.storyboard in Resources */ = {isa = PBXBuildFile; fileRef = C5F97AEE25ABD27C00880847 /* Main.storyboard */; };
		C5F97AF225ABD27D00880847 /* Assets.xcassets in Resources */ = {isa = PBXBuildFile; fileRef = C5F97AF125ABD27D00880847 /* Assets.xcassets */; };
		C5F97AF525ABD27D00880847 /* LaunchScreen.storyboard in Resources */ = {isa = PBXBuildFile; fileRef = C5F97AF325ABD27D00880847 /* LaunchScreen.storyboard */; };
		C5F97AF825ABD27D00880847 /* main.m in Sources */ = {isa = PBXBuildFile; fileRef = C5F97AF725ABD27D00880847 /* main.m */; };
		C5F97B0425ABE1F200880847 /* disasm.c in Sources */ = {isa = PBXBuildFile; fileRef = C5F97B0325ABE1F200880847 /* disasm.c */; };
		C5F97B0725ABEAC100880847 /* index.html in Resources */ = {isa = PBXBuildFile; fileRef = C5F97B0625ABEAC100880847 /* index.html */; };
		CD1568D731587FA8E730923B /* Pods_ShaderExplorer.framework in Frameworks */ = {isa = PBXBuildFile; fileRef = AF5DFE88FC72E4C169338C90 /* Pods_ShaderExplorer.framework */; };
/* End PBXBuildFile section */

/* Begin PBXFileReference section */
		6A6B316558C59643C0D2D974 /* Pods-ShaderExplorer.release.xcconfig */ = {isa = PBXFileReference; includeInIndex = 1; lastKnownFileType = text.xcconfig; name = "Pods-ShaderExplorer.release.xcconfig"; path = "Target Support Files/Pods-ShaderExplorer/Pods-ShaderExplorer.release.xcconfig"; sourceTree = "<group>"; };
		AF5DFE88FC72E4C169338C90 /* Pods_ShaderExplorer.framework */ = {isa = PBXFileReference; explicitFileType = wrapper.framework; includeInIndex = 0; path = Pods_ShaderExplorer.framework; sourceTree = BUILT_PRODUCTS_DIR; };
		C5F97AE225ABD27C00880847 /* ShaderExplorer.app */ = {isa = PBXFileReference; explicitFileType = wrapper.application; includeInIndex = 0; path = ShaderExplorer.app; sourceTree = BUILT_PRODUCTS_DIR; };
		C5F97AE525ABD27C00880847 /* AppDelegate.h */ = {isa = PBXFileReference; lastKnownFileType = sourcecode.c.h; path = AppDelegate.h; sourceTree = "<group>"; };
		C5F97AE625ABD27C00880847 /* AppDelegate.m */ = {isa = PBXFileReference; lastKnownFileType = sourcecode.c.objc; path = AppDelegate.m; sourceTree = "<group>"; };
		C5F97AE825ABD27C00880847 /* SceneDelegate.h */ = {isa = PBXFileReference; lastKnownFileType = sourcecode.c.h; path = SceneDelegate.h; sourceTree = "<group>"; };
		C5F97AE925ABD27C00880847 /* SceneDelegate.m */ = {isa = PBXFileReference; lastKnownFileType = sourcecode.c.objc; path = SceneDelegate.m; sourceTree = "<group>"; };
		C5F97AEB25ABD27C00880847 /* ViewController.h */ = {isa = PBXFileReference; lastKnownFileType = sourcecode.c.h; path = ViewController.h; sourceTree = "<group>"; };
		C5F97AEC25ABD27C00880847 /* ViewController.m */ = {isa = PBXFileReference; lastKnownFileType = sourcecode.c.objc; path = ViewController.m; sourceTree = "<group>"; };
		C5F97AEF25ABD27C00880847 /* Base */ = {isa = PBXFileReference; lastKnownFileType = file.storyboard; name = Base; path = Base.lproj/Main.storyboard; sourceTree = "<group>"; };
		C5F97AF125ABD27D00880847 /* Assets.xcassets */ = {isa = PBXFileReference; lastKnownFileType = folder.assetcatalog; path = Assets.xcassets; sourceTree = "<group>"; };
		C5F97AF425ABD27D00880847 /* Base */ = {isa = PBXFileReference; lastKnownFileType = file.storyboard; name = Base; path = Base.lproj/LaunchScreen.storyboard; sourceTree = "<group>"; };
		C5F97AF625ABD27D00880847 /* Info.plist */ = {isa = PBXFileReference; lastKnownFileType = text.plist.xml; path = Info.plist; sourceTree = "<group>"; };
		C5F97AF725ABD27D00880847 /* main.m */ = {isa = PBXFileReference; lastKnownFileType = sourcecode.c.objc; path = main.m; sourceTree = "<group>"; };
		C5F97B0325ABE1F200880847 /* disasm.c */ = {isa = PBXFileReference; fileEncoding = 4; lastKnownFileType = sourcecode.c.c; name = disasm.c; path = "third_party/asahilinux-gpu/disasm/disasm.c"; sourceTree = SOURCE_ROOT; };
		C5F97B0625ABEAC100880847 /* index.html */ = {isa = PBXFileReference; fileEncoding = 4; lastKnownFileType = text.html; path = index.html; sourceTree = "<group>"; };
		F692C0C61A4C848C526FCD2D /* Pods-ShaderExplorer.debug.xcconfig */ = {isa = PBXFileReference; includeInIndex = 1; lastKnownFileType = text.xcconfig; name = "Pods-ShaderExplorer.debug.xcconfig"; path = "Target Support Files/Pods-ShaderExplorer/Pods-ShaderExplorer.debug.xcconfig"; sourceTree = "<group>"; };
/* End PBXFileReference section */

/* Begin PBXFrameworksBuildPhase section */
		C5F97ADF25ABD27C00880847 /* Frameworks */ = {
			isa = PBXFrameworksBuildPhase;
			buildActionMask = 2147483647;
			files = (
				CD1568D731587FA8E730923B /* Pods_ShaderExplorer.framework in Frameworks */,
			);
			runOnlyForDeploymentPostprocessing = 0;
		};
/* End PBXFrameworksBuildPhase section */

/* Begin PBXGroup section */
		2879280390CB10EBEB6DE212 /* Pods */ = {
			isa = PBXGroup;
			children = (
				F692C0C61A4C848C526FCD2D /* Pods-ShaderExplorer.debug.xcconfig */,
				6A6B316558C59643C0D2D974 /* Pods-ShaderExplorer.release.xcconfig */,
			);
			path = Pods;
			sourceTree = "<group>";
		};
		C5F97AD925ABD27C00880847 = {
			isa = PBXGroup;
			children = (
				C5F97AE425ABD27C00880847 /* ShaderExplorer */,
				C5F97AE325ABD27C00880847 /* Products */,
				2879280390CB10EBEB6DE212 /* Pods */,
				E37FF850640FAFE5F7FA8609 /* Frameworks */,
			);
			sourceTree = "<group>";
		};
		C5F97AE325ABD27C00880847 /* Products */ = {
			isa = PBXGroup;
			children = (
				C5F97AE225ABD27C00880847 /* ShaderExplorer.app */,
			);
			name = Products;
			sourceTree = "<group>";
		};
		C5F97AE425ABD27C00880847 /* ShaderExplorer */ = {
			isa = PBXGroup;
			children = (
				C5F97AE525ABD27C00880847 /* AppDelegate.h */,
				C5F97AE625ABD27C00880847 /* AppDelegate.m */,
				C5F97AE825ABD27C00880847 /* SceneDelegate.h */,
				C5F97AE925ABD27C00880847 /* SceneDelegate.m */,
				C5F97AEB25ABD27C00880847 /* ViewController.h */,
				C5F97AEC25ABD27C00880847 /* ViewController.m */,
				C5F97AEE25ABD27C00880847 /* Main.storyboard */,
				C5F97AF125ABD27D00880847 /* Assets.xcassets */,
				C5F97AF325ABD27D00880847 /* LaunchScreen.storyboard */,
				C5F97AF625ABD27D00880847 /* Info.plist */,
				C5F97AF725ABD27D00880847 /* main.m */,
				C5F97B0325ABE1F200880847 /* disasm.c */,
				C5F97B0625ABEAC100880847 /* index.html */,
			);
			path = ShaderExplorer;
			sourceTree = "<group>";
		};
		E37FF850640FAFE5F7FA8609 /* Frameworks */ = {
			isa = PBXGroup;
			children = (
				AF5DFE88FC72E4C169338C90 /* Pods_ShaderExplorer.framework */,
			);
			name = Frameworks;
			sourceTree = "<group>";
		};
/* End PBXGroup section */

/* Begin PBXNativeTarget section */
		C5F97AE125ABD27C00880847 /* ShaderExplorer */ = {
			isa = PBXNativeTarget;
			buildConfigurationList = C5F97AFB25ABD27D00880847 /* Build configuration list for PBXNativeTarget "ShaderExplorer" */;
			buildPhases = (
				1F05E81D95530362E66C3547 /* [CP] Check Pods Manifest.lock */,
				C5F97ADE25ABD27C00880847 /* Sources */,
				C5F97ADF25ABD27C00880847 /* Frameworks */,
				C5F97AE025ABD27C00880847 /* Resources */,
				F9022E6AD6BEB00EBA10C859 /* [CP] Embed Pods Frameworks */,
			);
			buildRules = (
			);
			dependencies = (
			);
			name = ShaderExplorer;
			productName = ShaderExplorer;
			productReference = C5F97AE225ABD27C00880847 /* ShaderExplorer.app */;
			productType = "com.apple.product-type.application";
		};
/* End PBXNativeTarget section */

/* Begin PBXProject section */
		C5F97ADA25ABD27C00880847 /* Project object */ = {
			isa = PBXProject;
			attributes = {
				LastUpgradeCheck = 1230;
				TargetAttributes = {
					C5F97AE125ABD27C00880847 = {
						CreatedOnToolsVersion = 12.3;
					};
				};
			};
			buildConfigurationList = C5F97ADD25ABD27C00880847 /* Build configuration list for PBXProject "ShaderExplorer" */;
			compatibilityVersion = "Xcode 9.3";
			developmentRegion = en;
			hasScannedForEncodings = 0;
			knownRegions = (
				en,
				Base,
			);
			mainGroup = C5F97AD925ABD27C00880847;
			productRefGroup = C5F97AE325ABD27C00880847 /* Products */;
			projectDirPath = "";
			projectRoot = "";
			targets = (
				C5F97AE125ABD27C00880847 /* ShaderExplorer */,
			);
		};
/* End PBXProject section */

/* Begin PBXResourcesBuildPhase section */
		C5F97AE025ABD27C00880847 /* Resources */ = {
			isa = PBXResourcesBuildPhase;
			buildActionMask = 2147483647;
			files = (
				C5F97AF525ABD27D00880847 /* LaunchScreen.storyboard in Resources */,
				C5F97B0725ABEAC100880847 /* index.html in Resources */,
				C5F97AF225ABD27D00880847 /* Assets.xcassets in Resources */,
				C5F97AF025ABD27C00880847 /* Main.storyboard in Resources */,
			);
			runOnlyForDeploymentPostprocessing = 0;
		};
/* End PBXResourcesBuildPhase section */

/* Begin PBXShellScriptBuildPhase section */
		1F05E81D95530362E66C3547 /* [CP] Check Pods Manifest.lock */ = {
			isa = PBXShellScriptBuildPhase;
			buildActionMask = 2147483647;
			files = (
			);
			inputFileListPaths = (
			);
			inputPaths = (
				"${PODS_PODFILE_DIR_PATH}/Podfile.lock",
				"${PODS_ROOT}/Manifest.lock",
			);
			name = "[CP] Check Pods Manifest.lock";
			outputFileListPaths = (
			);
			outputPaths = (
				"$(DERIVED_FILE_DIR)/Pods-ShaderExplorer-checkManifestLockResult.txt",
			);
			runOnlyForDeploymentPostprocessing = 0;
			shellPath = /bin/sh;
			shellScript = "diff \"${PODS_PODFILE_DIR_PATH}/Podfile.lock\" \"${PODS_ROOT}/Manifest.lock\" > /dev/null\nif [ $? != 0 ] ; then\n    # print error to STDERR\n    echo \"error: The sandbox is not in sync with the Podfile.lock. Run 'pod install' or update your CocoaPods installation.\" >&2\n    exit 1\nfi\n# This output is used by Xcode 'outputs' to avoid re-running this script phase.\necho \"SUCCESS\" > \"${SCRIPT_OUTPUT_FILE_0}\"\n";
			showEnvVarsInLog = 0;
		};
		F9022E6AD6BEB00EBA10C859 /* [CP] Embed Pods Frameworks */ = {
			isa = PBXShellScriptBuildPhase;
			buildActionMask = 2147483647;
			files = (
			);
			inputFileListPaths = (
				"${PODS_ROOT}/Target Support Files/Pods-ShaderExplorer/Pods-ShaderExplorer-frameworks-${CONFIGURATION}-input-files.xcfilelist",
			);
			name = "[CP] Embed Pods Frameworks";
			outputFileListPaths = (
				"${PODS_ROOT}/Target Support Files/Pods-ShaderExplorer/Pods-ShaderExplorer-frameworks-${CONFIGURATION}-output-files.xcfilelist",
			);
			runOnlyForDeploymentPostprocessing = 0;
			shellPath = /bin/sh;
			shellScript = "\"${PODS_ROOT}/Target Support Files/Pods-ShaderExplorer/Pods-ShaderExplorer-frameworks.sh\"\n";
			showEnvVarsInLog = 0;
		};
/* End PBXShellScriptBuildPhase section */

/* Begin PBXSourcesBuildPhase section */
		C5F97ADE25ABD27C00880847 /* Sources */ = {
			isa = PBXSourcesBuildPhase;
			buildActionMask = 2147483647;
			files = (
				C5F97AED25ABD27C00880847 /* ViewController.m in Sources */,
				C5F97AE725ABD27C00880847 /* AppDelegate.m in Sources */,
				C5F97B0425ABE1F200880847 /* disasm.c in Sources */,
				C5F97AF825ABD27D00880847 /* main.m in Sources */,
				C5F97AEA25ABD27C00880847 /* SceneDelegate.m in Sources */,
			);
			runOnlyForDeploymentPostprocessing = 0;
		};
/* End PBXSourcesBuildPhase section */

/* Begin PBXVariantGroup section */
		C5F97AEE25ABD27C00880847 /* Main.storyboard */ = {
			isa = PBXVariantGroup;
			children = (
				C5F97AEF25ABD27C00880847 /* Base */,
			);
			name = Main.storyboard;
			sourceTree = "<group>";
		};
		C5F97AF325ABD27D00880847 /* LaunchScreen.storyboard */ = {
			isa = PBXVariantGroup;
			children = (
				C5F97AF425ABD27D00880847 /* Base */,
			);
			name = LaunchScreen.storyboard;
			sourceTree = "<group>";
		};
/* End PBXVariantGroup section */

/* Begin XCBuildConfiguration section */
		C5F97AF925ABD27D00880847 /* Debug */ = {
			isa = XCBuildConfiguration;
			buildSettings = {
				ALWAYS_SEARCH_USER_PATHS = NO;
				CLANG_ANALYZER_NONNULL = YES;
				CLANG_ANALYZER_NUMBER_OBJECT_CONVERSION = YES_AGGRESSIVE;
				CLANG_CXX_LANGUAGE_STANDARD = "gnu++14";
				CLANG_CXX_LIBRARY = "libc++";
				CLANG_ENABLE_MODULES = YES;
				CLANG_ENABLE_OBJC_ARC = YES;
				CLANG_ENABLE_OBJC_WEAK = YES;
				CLANG_WARN_BLOCK_CAPTURE_AUTORELEASING = YES;
				CLANG_WARN_BOOL_CONVERSION = YES;
				CLANG_WARN_COMMA = YES;
				CLANG_WARN_CONSTANT_CONVERSION = YES;
				CLANG_WARN_DEPRECATED_OBJC_IMPLEMENTATIONS = YES;
				CLANG_WARN_DIRECT_OBJC_ISA_USAGE = YES_ERROR;
				CLANG_WARN_DOCUMENTATION_COMMENTS = YES;
				CLANG_WARN_EMPTY_BODY = YES;
				CLANG_WARN_ENUM_CONVERSION = YES;
				CLANG_WARN_INFINITE_RECURSION = YES;
				CLANG_WARN_INT_CONVERSION = YES;
				CLANG_WARN_NON_LITERAL_NULL_CONVERSION = YES;
				CLANG_WARN_OBJC_IMPLICIT_RETAIN_SELF = YES;
				CLANG_WARN_OBJC_LITERAL_CONVERSION = YES;
				CLANG_WARN_OBJC_ROOT_CLASS = YES_ERROR;
				CLANG_WARN_QUOTED_INCLUDE_IN_FRAMEWORK_HEADER = YES;
				CLANG_WARN_RANGE_LOOP_ANALYSIS = YES;
				CLANG_WARN_STRICT_PROTOTYPES = YES;
				CLANG_WARN_SUSPICIOUS_MOVE = YES;
				CLANG_WARN_UNGUARDED_AVAILABILITY = YES_AGGRESSIVE;
				CLANG_WARN_UNREACHABLE_CODE = YES;
				CLANG_WARN__DUPLICATE_METHOD_MATCH = YES;
				COPY_PHASE_STRIP = NO;
				DEBUG_INFORMATION_FORMAT = dwarf;
				ENABLE_STRICT_OBJC_MSGSEND = YES;
				ENABLE_TESTABILITY = YES;
				GCC_C_LANGUAGE_STANDARD = gnu11;
				GCC_DYNAMIC_NO_PIC = NO;
				GCC_NO_COMMON_BLOCKS = YES;
				GCC_OPTIMIZATION_LEVEL = 0;
				GCC_PREPROCESSOR_DEFINITIONS = (
					"DEBUG=1",
					"$(inherited)",
				);
				GCC_WARN_64_TO_32_BIT_CONVERSION = YES;
				GCC_WARN_ABOUT_RETURN_TYPE = YES_ERROR;
				GCC_WARN_UNDECLARED_SELECTOR = YES;
				GCC_WARN_UNINITIALIZED_AUTOS = YES_AGGRESSIVE;
				GCC_WARN_UNUSED_FUNCTION = YES;
				GCC_WARN_UNUSED_VARIABLE = YES;
				IPHONEOS_DEPLOYMENT_TARGET = 14.3;
				MTL_ENABLE_DEBUG_INFO = INCLUDE_SOURCE;
				MTL_FAST_MATH = YES;
				ONLY_ACTIVE_ARCH = YES;
				SDKROOT = iphoneos;
			};
			name = Debug;
		};
		C5F97AFA25ABD27D00880847 /* Release */ = {
			isa = XCBuildConfiguration;
			buildSettings = {
				ALWAYS_SEARCH_USER_PATHS = NO;
				CLANG_ANALYZER_NONNULL = YES;
				CLANG_ANALYZER_NUMBER_OBJECT_CONVERSION = YES_AGGRESSIVE;
				CLANG_CXX_LANGUAGE_STANDARD = "gnu++14";
				CLANG_CXX_LIBRARY = "libc++";
				CLANG_ENABLE_MODULES = YES;
				CLANG_ENABLE_OBJC_ARC = YES;
				CLANG_ENABLE_OBJC_WEAK = YES;
				CLANG_WARN_BLOCK_CAPTURE_AUTORELEASING = YES;
				CLANG_WARN_BOOL_CONVERSION = YES;
				CLANG_WARN_COMMA = YES;
				CLANG_WARN_CONSTANT_CONVERSION = YES;
				CLANG_WARN_DEPRECATED_OBJC_IMPLEMENTATIONS = YES;
				CLANG_WARN_DIRECT_OBJC_ISA_USAGE = YES_ERROR;
				CLANG_WARN_DOCUMENTATION_COMMENTS = YES;
				CLANG_WARN_EMPTY_BODY = YES;
				CLANG_WARN_ENUM_CONVERSION = YES;
				CLANG_WARN_INFINITE_RECURSION = YES;
				CLANG_WARN_INT_CONVERSION = YES;
				CLANG_WARN_NON_LITERAL_NULL_CONVERSION = YES;
				CLANG_WARN_OBJC_IMPLICIT_RETAIN_SELF = YES;
				CLANG_WARN_OBJC_LITERAL_CONVERSION = YES;
				CLANG_WARN_OBJC_ROOT_CLASS = YES_ERROR;
				CLANG_WARN_QUOTED_INCLUDE_IN_FRAMEWORK_HEADER = YES;
				CLANG_WARN_RANGE_LOOP_ANALYSIS = YES;
				CLANG_WARN_STRICT_PROTOTYPES = YES;
				CLANG_WARN_SUSPICIOUS_MOVE = YES;
				CLANG_WARN_UNGUARDED_AVAILABILITY = YES_AGGRESSIVE;
				CLANG_WARN_UNREACHABLE_CODE = YES;
				CLANG_WARN__DUPLICATE_METHOD_MATCH = YES;
				COPY_PHASE_STRIP = NO;
				DEBUG_INFORMATION_FORMAT = "dwarf-with-dsym";
				ENABLE_NS_ASSERTIONS = NO;
				ENABLE_STRICT_OBJC_MSGSEND = YES;
				GCC_C_LANGUAGE_STANDARD = gnu11;
				GCC_NO_COMMON_BLOCKS = YES;
				GCC_WARN_64_TO_32_BIT_CONVERSION = YES;
				GCC_WARN_ABOUT_RETURN_TYPE = YES_ERROR;
				GCC_WARN_UNDECLARED_SELECTOR = YES;
				GCC_WARN_UNINITIALIZED_AUTOS = YES_AGGRESSIVE;
				GCC_WARN_UNUSED_FUNCTION = YES;
				GCC_WARN_UNUSED_VARIABLE = YES;
				IPHONEOS_DEPLOYMENT_TARGET = 14.3;
				MTL_ENABLE_DEBUG_INFO = NO;
				MTL_FAST_MATH = YES;
				SDKROOT = iphoneos;
				VALIDATE_PRODUCT = YES;
			};
			name = Release;
		};
		C5F97AFC25ABD27D00880847 /* Debug */ = {
			isa = XCBuildConfiguration;
			baseConfigurationReference = F692C0C61A4C848C526FCD2D /* Pods-ShaderExplorer.debug.xcconfig */;
			buildSettings = {
				ASSETCATALOG_COMPILER_APPICON_NAME = AppIcon;
				ASSETCATALOG_COMPILER_GLOBAL_ACCENT_COLOR_NAME = AccentColor;
				CODE_SIGN_STYLE = Automatic;
				DEVELOPMENT_TEAM = 3D7RY4393N;
				INFOPLIST_FILE = ShaderExplorer/Info.plist;
				IPHONEOS_DEPLOYMENT_TARGET = 14.0;
				LD_RUNPATH_SEARCH_PATHS = (
					"$(inherited)",
					"@executable_path/Frameworks",
				);
				PRODUCT_BUNDLE_IDENTIFIER = com.worthdoingbadly.ShaderExplorer;
				PRODUCT_NAME = "$(TARGET_NAME)";
				TARGETED_DEVICE_FAMILY = "1,2";
			};
			name = Debug;
		};
		C5F97AFD25ABD27D00880847 /* Release */ = {
			isa = XCBuildConfiguration;
			baseConfigurationReference = 6A6B316558C59643C0D2D974 /* Pods-ShaderExplorer.release.xcconfig */;
			buildSettings = {
				ASSETCATALOG_COMPILER_APPICON_NAME = AppIcon;
				ASSETCATALOG_COMPILER_GLOBAL_ACCENT_COLOR_NAME = AccentColor;
				CODE_SIGN_STYLE = Automatic;
				DEVELOPMENT_TEAM = 3D7RY4393N;
				INFOPLIST_FILE = ShaderExplorer/Info.plist;
				IPHONEOS_DEPLOYMENT_TARGET = 14.0;
				LD_RUNPATH_SEARCH_PATHS = (
					"$(inherited)",
					"@executable_path/Frameworks",
				);
				PRODUCT_BUNDLE_IDENTIFIER = com.worthdoingbadly.ShaderExplorer;
				PRODUCT_NAME = "$(TARGET_NAME)";
				TARGETED_DEVICE_FAMILY = "1,2";
			};
			name = Release;
		};
/* End XCBuildConfiguration section */

/* Begin XCConfigurationList section */
		C5F97ADD25ABD27C00880847 /* Build configuration list for PBXProject "ShaderExplorer" */ = {
			isa = XCConfigurationList;
			buildConfigurations = (
				C5F97AF925ABD27D00880847 /* Debug */,
				C5F97AFA25ABD27D00880847 /* Release */,
			);
			defaultConfigurationIsVisible = 0;
			defaultConfigurationName = Release;
		};
		C5F97AFB25ABD27D00880847 /* Build configuration list for PBXNativeTarget "ShaderExplorer" */ = {
			isa = XCConfigurationList;
			buildConfigurations = (
				C5F97AFC25ABD27D00880847 /* Debug */,
				C5F97AFD25ABD27D00880847 /* Release */,
			);
			defaultConfigurationIsVisible = 0;
			defaultConfigurationName = Release;
		};
/* End XCConfigurationList section */
	};
	rootObject = C5F97ADA25ABD27C00880847 /* Project object */;
}
